uuid: aee2e5e8-de7e-4963-9bb0-66b220382c9a
langcode: en
status: true
dependencies:
  config:
    - views.view.group_related_links_block
  module:
    - views
  theme:
    - unl_five_herbie
id: views_block__group_related_links_block
theme: unl_five_herbie
region: leftcollinks
weight: 0
provider: null
plugin: 'views_block:group_related_links_block-block_1'
settings:
  id: 'views_block:group_related_links_block-block_1'
  label: 'Related Links'
  label_display: visible
  provider: views
  context_mapping: {  }
  views_label: 'Related Links'
  items_per_page: none
visibility: {  }
