uuid: f6906209-1946-4674-a830-35ef9ce88bb3
langcode: en
status: true
dependencies:
  config:
    - image.style.1_1_1440x1440
    - image.style.1_1_1920x1920
    - image.style.1_1_240x240
    - image.style.1_1_2880x2880
    - image.style.1_1_3840x3840
    - image.style.1_1_480x480
    - image.style.1_1_960x960
id: card_circle_image_block
label: 'Card + Circle Image Block'
image_style_mappings:
  -
    image_mapping_type: sizes
    image_mapping:
      sizes: 100vw
      sizes_image_styles:
        - 1_1_1440x1440
        - 1_1_1920x1920
        - 1_1_240x240
        - 1_1_2880x2880
        - 1_1_3840x3840
        - 1_1_480x480
        - 1_1_960x960
    breakpoint_id: responsive_image.viewport_sizing
    multiplier: 1x
breakpoint_group: responsive_image
fallback_image_style: 1_1_3840x3840
